
Microsoft Visual Studio Solution File, Format Version 12.00
Project("{FAE04EC0-301F-11D3-BF4B-00C04F79EFBC}") = "Store.Api", "src\Store.Api\Store.Api.csproj", "{604E19BA-AA84-46D5-9747-383E8201C03D}"
EndProject
Project("{FAE04EC0-301F-11D3-BF4B-00C04F79EFBC}") = "Store.Shared", "src\Store.Shared\Store.Shared.csproj", "{F1668114-72E0-46AA-955F-0489B645C2A0}"
EndProject
Project("{2150E333-8FDC-42A3-9474-1A3956D46DE8}") = "Modules", "Modules", "{96C3E419-C08A-4EF8-A196-D8340BB1CB65}"
EndProject
Project("{FAE04EC0-301F-11D3-BF4B-00C04F79EFBC}") = "Basket", "src\Store.Modules\Basket\Basket.csproj", "{B62C1732-3778-43B7-9795-49BA7094D3E9}"
EndProject
Project("{FAE04EC0-301F-11D3-BF4B-00C04F79EFBC}") = "Catalog", "src\Store.Modules\Catalog\Catalog.csproj", "{80AFF8C6-52EF-4540-AA15-15F98711931F}"
EndProject
Project("{FAE04EC0-301F-11D3-BF4B-00C04F79EFBC}") = "Discount", "src\Store.Modules\Discount\Discount.csproj", "{C0249CE2-4620-4CBE-B642-C0F52AA0AAC2}"
EndProject
Project("{FAE04EC0-301F-11D3-BF4B-00C04F79EFBC}") = "Order", "src\Store.Modules\Order\Order.csproj", "{535EB55E-F7FA-4924-801A-AC949941813A}"
EndProject
Global
	GlobalSection(SolutionConfigurationPlatforms) = preSolution
		Debug|Any CPU = Debug|Any CPU
		Release|Any CPU = Release|Any CPU
	EndGlobalSection
	GlobalSection(ProjectConfigurationPlatforms) = postSolution
		{604E19BA-AA84-46D5-9747-383E8201C03D}.Debug|Any CPU.ActiveCfg = Debug|Any CPU
		{604E19BA-AA84-46D5-9747-383E8201C03D}.Debug|Any CPU.Build.0 = Debug|Any CPU
		{604E19BA-AA84-46D5-9747-383E8201C03D}.Release|Any CPU.ActiveCfg = Release|Any CPU
		{604E19BA-AA84-46D5-9747-383E8201C03D}.Release|Any CPU.Build.0 = Release|Any CPU
		{F1668114-72E0-46AA-955F-0489B645C2A0}.Debug|Any CPU.ActiveCfg = Debug|Any CPU
		{F1668114-72E0-46AA-955F-0489B645C2A0}.Debug|Any CPU.Build.0 = Debug|Any CPU
		{F1668114-72E0-46AA-955F-0489B645C2A0}.Release|Any CPU.ActiveCfg = Release|Any CPU
		{F1668114-72E0-46AA-955F-0489B645C2A0}.Release|Any CPU.Build.0 = Release|Any CPU
		{B62C1732-3778-43B7-9795-49BA7094D3E9}.Debug|Any CPU.ActiveCfg = Debug|Any CPU
		{B62C1732-3778-43B7-9795-49BA7094D3E9}.Debug|Any CPU.Build.0 = Debug|Any CPU
		{B62C1732-3778-43B7-9795-49BA7094D3E9}.Release|Any CPU.ActiveCfg = Release|Any CPU
		{B62C1732-3778-43B7-9795-49BA7094D3E9}.Release|Any CPU.Build.0 = Release|Any CPU
		{80AFF8C6-52EF-4540-AA15-15F98711931F}.Debug|Any CPU.ActiveCfg = Debug|Any CPU
		{80AFF8C6-52EF-4540-AA15-15F98711931F}.Debug|Any CPU.Build.0 = Debug|Any CPU
		{80AFF8C6-52EF-4540-AA15-15F98711931F}.Release|Any CPU.ActiveCfg = Release|Any CPU
		{80AFF8C6-52EF-4540-AA15-15F98711931F}.Release|Any CPU.Build.0 = Release|Any CPU
		{C0249CE2-4620-4CBE-B642-C0F52AA0AAC2}.Debug|Any CPU.ActiveCfg = Debug|Any CPU
		{C0249CE2-4620-4CBE-B642-C0F52AA0AAC2}.Debug|Any CPU.Build.0 = Debug|Any CPU
		{C0249CE2-4620-4CBE-B642-C0F52AA0AAC2}.Release|Any CPU.ActiveCfg = Release|Any CPU
		{C0249CE2-4620-4CBE-B642-C0F52AA0AAC2}.Release|Any CPU.Build.0 = Release|Any CPU
		{535EB55E-F7FA-4924-801A-AC949941813A}.Debug|Any CPU.ActiveCfg = Debug|Any CPU
		{535EB55E-F7FA-4924-801A-AC949941813A}.Debug|Any CPU.Build.0 = Debug|Any CPU
		{535EB55E-F7FA-4924-801A-AC949941813A}.Release|Any CPU.ActiveCfg = Release|Any CPU
		{535EB55E-F7FA-4924-801A-AC949941813A}.Release|Any CPU.Build.0 = Release|Any CPU
	EndGlobalSection
	GlobalSection(NestedProjects) = preSolution
		{B62C1732-3778-43B7-9795-49BA7094D3E9} = {96C3E419-C08A-4EF8-A196-D8340BB1CB65}
		{80AFF8C6-52EF-4540-AA15-15F98711931F} = {96C3E419-C08A-4EF8-A196-D8340BB1CB65}
		{C0249CE2-4620-4CBE-B642-C0F52AA0AAC2} = {96C3E419-C08A-4EF8-A196-D8340BB1CB65}
		{535EB55E-F7FA-4924-801A-AC949941813A} = {96C3E419-C08A-4EF8-A196-D8340BB1CB65}
	EndGlobalSection
EndGlobal
