
Microsoft Visual Studio Solution File, Format Version 12.00
Project("{FAE04EC0-301F-11D3-BF4B-00C04F79EFBC}") = "Social.Api", "src\Social.Api\Social.Api.csproj", "{39BCEF89-B11C-4107-96B9-CB406B678495}"
EndProject
Project("{FAE04EC0-301F-11D3-BF4B-00C04F79EFBC}") = "Social.Application", "src\Social.Application\Social.Application.csproj", "{6937D4DD-B766-4808-AFD5-30D86C584813}"
EndProject
Project("{FAE04EC0-301F-11D3-BF4B-00C04F79EFBC}") = "Social.Domain", "src\Social.Domain\Social.Domain.csproj", "{78F00BA6-27DF-48DD-B478-752792A58291}"
EndProject
Project("{FAE04EC0-301F-11D3-BF4B-00C04F79EFBC}") = "Social.Infrastructure", "src\Social.Infrastructure\Social.Infrastructure.csproj", "{B261C365-8226-4D11-83A5-2F1F6A110412}"
EndProject
Project("{2150E333-8FDC-42A3-9474-1A3956D46DE8}") = "Shared", "Shared", "{DE016F57-6492-4DB0-86E7-CB0F4E312C8D}"
EndProject
Project("{FAE04EC0-301F-11D3-BF4B-00C04F79EFBC}") = "Shared.Core", "..\Shared\src\Shared.Core\Shared.Core.csproj", "{CC2FE7B5-3193-4AE9-91C2-82FB93A247A1}"
EndProject
Project("{FAE04EC0-301F-11D3-BF4B-00C04F79EFBC}") = "Shared.Grpc", "..\Shared\src\Shared.Grpc\Shared.Grpc.csproj", "{E598A8CF-02D1-42B7-9819-EE3A0137F3AD}"
EndProject
Project("{2150E333-8FDC-42A3-9474-1A3956D46DE8}") = "Sync", "Sync", "{77CAADA5-736D-43F7-830B-53D0DA3A253E}"
	ProjectSection(SolutionItems) = preProject
		..\Sync\src\Sync.Gateway\Development\ocelot.social.json = ..\Sync\src\Sync.Gateway\Development\ocelot.social.json
	EndProjectSection
EndProject
Global
	GlobalSection(SolutionConfigurationPlatforms) = preSolution
		Debug|Any CPU = Debug|Any CPU
		Release|Any CPU = Release|Any CPU
	EndGlobalSection
	GlobalSection(ProjectConfigurationPlatforms) = postSolution
		{39BCEF89-B11C-4107-96B9-CB406B678495}.Debug|Any CPU.ActiveCfg = Debug|Any CPU
		{39BCEF89-B11C-4107-96B9-CB406B678495}.Debug|Any CPU.Build.0 = Debug|Any CPU
		{39BCEF89-B11C-4107-96B9-CB406B678495}.Release|Any CPU.ActiveCfg = Release|Any CPU
		{39BCEF89-B11C-4107-96B9-CB406B678495}.Release|Any CPU.Build.0 = Release|Any CPU
		{6937D4DD-B766-4808-AFD5-30D86C584813}.Debug|Any CPU.ActiveCfg = Debug|Any CPU
		{6937D4DD-B766-4808-AFD5-30D86C584813}.Debug|Any CPU.Build.0 = Debug|Any CPU
		{6937D4DD-B766-4808-AFD5-30D86C584813}.Release|Any CPU.ActiveCfg = Release|Any CPU
		{6937D4DD-B766-4808-AFD5-30D86C584813}.Release|Any CPU.Build.0 = Release|Any CPU
		{78F00BA6-27DF-48DD-B478-752792A58291}.Debug|Any CPU.ActiveCfg = Debug|Any CPU
		{78F00BA6-27DF-48DD-B478-752792A58291}.Debug|Any CPU.Build.0 = Debug|Any CPU
		{78F00BA6-27DF-48DD-B478-752792A58291}.Release|Any CPU.ActiveCfg = Release|Any CPU
		{78F00BA6-27DF-48DD-B478-752792A58291}.Release|Any CPU.Build.0 = Release|Any CPU
		{B261C365-8226-4D11-83A5-2F1F6A110412}.Debug|Any CPU.ActiveCfg = Debug|Any CPU
		{B261C365-8226-4D11-83A5-2F1F6A110412}.Debug|Any CPU.Build.0 = Debug|Any CPU
		{B261C365-8226-4D11-83A5-2F1F6A110412}.Release|Any CPU.ActiveCfg = Release|Any CPU
		{B261C365-8226-4D11-83A5-2F1F6A110412}.Release|Any CPU.Build.0 = Release|Any CPU
		{CC2FE7B5-3193-4AE9-91C2-82FB93A247A1}.Debug|Any CPU.ActiveCfg = Debug|Any CPU
		{CC2FE7B5-3193-4AE9-91C2-82FB93A247A1}.Debug|Any CPU.Build.0 = Debug|Any CPU
		{CC2FE7B5-3193-4AE9-91C2-82FB93A247A1}.Release|Any CPU.ActiveCfg = Release|Any CPU
		{CC2FE7B5-3193-4AE9-91C2-82FB93A247A1}.Release|Any CPU.Build.0 = Release|Any CPU
		{E598A8CF-02D1-42B7-9819-EE3A0137F3AD}.Debug|Any CPU.ActiveCfg = Debug|Any CPU
		{E598A8CF-02D1-42B7-9819-EE3A0137F3AD}.Debug|Any CPU.Build.0 = Debug|Any CPU
		{E598A8CF-02D1-42B7-9819-EE3A0137F3AD}.Release|Any CPU.ActiveCfg = Release|Any CPU
		{E598A8CF-02D1-42B7-9819-EE3A0137F3AD}.Release|Any CPU.Build.0 = Release|Any CPU
	EndGlobalSection
	GlobalSection(NestedProjects) = preSolution
		{CC2FE7B5-3193-4AE9-91C2-82FB93A247A1} = {DE016F57-6492-4DB0-86E7-CB0F4E312C8D}
		{E598A8CF-02D1-42B7-9819-EE3A0137F3AD} = {DE016F57-6492-4DB0-86E7-CB0F4E312C8D}
	EndGlobalSection
EndGlobal
