
Microsoft Visual Studio Solution File, Format Version 12.00
Project("{FAE04EC0-301F-11D3-BF4B-00C04F79EFBC}") = "Shield.Api", "src\Shield.Api\Shield.Api.csproj", "{22DFA369-F2BA-45B6-ABC5-53CB84A7175C}"
EndProject
Global
	GlobalSection(SolutionConfigurationPlatforms) = preSolution
		Debug|Any CPU = Debug|Any CPU
		Release|Any CPU = Release|Any CPU
	EndGlobalSection
	GlobalSection(ProjectConfigurationPlatforms) = postSolution
		{22DFA369-F2BA-45B6-ABC5-53CB84A7175C}.Debug|Any CPU.ActiveCfg = Debug|Any CPU
		{22DFA369-F2BA-45B6-ABC5-53CB84A7175C}.Debug|Any CPU.Build.0 = Debug|Any CPU
		{22DFA369-F2BA-45B6-ABC5-53CB84A7175C}.Release|Any CPU.ActiveCfg = Release|Any CPU
		{22DFA369-F2BA-45B6-ABC5-53CB84A7175C}.Release|Any CPU.Build.0 = Release|Any CPU
	EndGlobalSection
EndGlobal
