
Microsoft Visual Studio Solution File, Format Version 12.00
Project("{2150E333-8FDC-42A3-9474-1A3956D46DE8}") = "Social", "Social", "{8A9F628E-185A-47D9-A6FF-E6E9FCE16596}"
EndProject
Project("{FAE04EC0-301F-11D3-BF4B-00C04F79EFBC}") = "Social.Api", "Social\src\Social.Api\Social.Api.csproj", "{F469C5AE-C0E4-43C8-AC01-B5BEA8FE111C}"
EndProject
Project("{FAE04EC0-301F-11D3-BF4B-00C04F79EFBC}") = "Social.Application", "Social\src\Social.Application\Social.Application.csproj", "{C5211AE5-8DBE-4041-AA3F-A52D651832E1}"
EndProject
Project("{FAE04EC0-301F-11D3-BF4B-00C04F79EFBC}") = "Social.Domain", "Social\src\Social.Domain\Social.Domain.csproj", "{651444BA-336A-4E1F-A7E3-197514AB4EE8}"
EndProject
Project("{FAE04EC0-301F-11D3-BF4B-00C04F79EFBC}") = "Social.Infrastructure", "Social\src\Social.Infrastructure\Social.Infrastructure.csproj", "{737379EC-F58C-4D47-80C1-DCBB5ABDA0FF}"
EndProject
Project("{2150E333-8FDC-42A3-9474-1A3956D46DE8}") = "Store", "Store", "{5A91C25A-5B1B-4238-9FAC-6FBCC69065FF}"
EndProject
Project("{FAE04EC0-301F-11D3-BF4B-00C04F79EFBC}") = "Store.Api", "Store\src\Store.Api\Store.Api.csproj", "{0EC7F68B-381F-4189-BDDD-1297A9103F31}"
EndProject
Project("{2150E333-8FDC-42A3-9474-1A3956D46DE8}") = "Modules", "Modules", "{E5C2417F-1215-4550-9E19-EBBAB39EA4C7}"
EndProject
Project("{FAE04EC0-301F-11D3-BF4B-00C04F79EFBC}") = "Basket", "Store\src\Store.Modules\Basket\Basket.csproj", "{FFE608C1-BA4B-4508-9B86-44D191C72EC9}"
EndProject
Project("{FAE04EC0-301F-11D3-BF4B-00C04F79EFBC}") = "Catalog", "Store\src\Store.Modules\Catalog\Catalog.csproj", "{E312973E-87E1-4C0B-BB8B-0187F2CAE2BC}"
EndProject
Project("{FAE04EC0-301F-11D3-BF4B-00C04F79EFBC}") = "Discount", "Store\src\Store.Modules\Discount\Discount.csproj", "{814CAC6C-37A3-4ECB-8EEB-FB301B467CFC}"
EndProject
Project("{FAE04EC0-301F-11D3-BF4B-00C04F79EFBC}") = "Order", "Store\src\Store.Modules\Order\Order.csproj", "{8BE16FB2-4A17-4338-BB1A-7A0F7723C433}"
EndProject
Project("{FAE04EC0-301F-11D3-BF4B-00C04F79EFBC}") = "Store.Shared", "Store\src\Store.Shared\Store.Shared.csproj", "{2C34B3D5-8937-400C-A5CF-C584B95FCD0B}"
EndProject
Project("{2150E333-8FDC-42A3-9474-1A3956D46DE8}") = "Shared", "Shared", "{CB643670-1968-4C2C-9A20-CA7322652F19}"
EndProject
Project("{FAE04EC0-301F-11D3-BF4B-00C04F79EFBC}") = "Shared.Core", "Shared\src\Shared.Core\Shared.Core.csproj", "{7201E123-707E-4766-8C0D-06F250FCED64}"
EndProject
Project("{FAE04EC0-301F-11D3-BF4B-00C04F79EFBC}") = "Shared.EventBusRabbitMQ", "Shared\src\Shared.EventBusRabbitMQ\Shared.EventBusRabbitMQ.csproj", "{02AF7B16-2443-4D69-ABCE-986CE77F912A}"
EndProject
Project("{FAE04EC0-301F-11D3-BF4B-00C04F79EFBC}") = "Shared.Grpc", "Shared\src\Shared.Grpc\Shared.Grpc.csproj", "{84CAE903-3BE0-461E-8ECC-763129A6D738}"
EndProject
Project("{2150E333-8FDC-42A3-9474-1A3956D46DE8}") = "Sync", "Sync", "{50640CD9-F378-442E-B4AF-E17BA2062EDD}"
EndProject
Project("{FAE04EC0-301F-11D3-BF4B-00C04F79EFBC}") = "Sync.Gateway", "Sync\src\Sync.Gateway\Sync.Gateway.csproj", "{4C4C5A1B-AACB-42E6-9502-A25EEC9923AA}"
EndProject
Project("{2150E333-8FDC-42A3-9474-1A3956D46DE8}") = "Shield", "Shield", "{391E7B47-4B40-4C10-A925-BF2ACECAFC47}"
EndProject
Project("{FAE04EC0-301F-11D3-BF4B-00C04F79EFBC}") = "Shield.Api", "Shield\src\Shield.Api\Shield.Api.csproj", "{B45398E0-E1FE-41C1-9977-4BF3B9118D7B}"
EndProject
Project("{2150E333-8FDC-42A3-9474-1A3956D46DE8}") = "Signal", "Signal", "{F5E8DD73-05C2-4D04-B80F-ABD29A3B5C20}"
EndProject
Project("{FAE04EC0-301F-11D3-BF4B-00C04F79EFBC}") = "Signal.Api", "Signal\src\Signal.Api\Signal.Api.csproj", "{086789DF-9624-4C6F-89C4-8C77667E078B}"
EndProject
Global
	GlobalSection(SolutionConfigurationPlatforms) = preSolution
		Debug|Any CPU = Debug|Any CPU
		Release|Any CPU = Release|Any CPU
	EndGlobalSection
	GlobalSection(NestedProjects) = preSolution
		{F469C5AE-C0E4-43C8-AC01-B5BEA8FE111C} = {8A9F628E-185A-47D9-A6FF-E6E9FCE16596}
		{C5211AE5-8DBE-4041-AA3F-A52D651832E1} = {8A9F628E-185A-47D9-A6FF-E6E9FCE16596}
		{651444BA-336A-4E1F-A7E3-197514AB4EE8} = {8A9F628E-185A-47D9-A6FF-E6E9FCE16596}
		{737379EC-F58C-4D47-80C1-DCBB5ABDA0FF} = {8A9F628E-185A-47D9-A6FF-E6E9FCE16596}
		{33F754F4-55C0-4809-A5E3-8F96366BA655} = {8A9F628E-185A-47D9-A6FF-E6E9FCE16596}
		{A4AC1C08-4018-4839-B56F-8576ACFBF941} = {33F754F4-55C0-4809-A5E3-8F96366BA655}
		{0AB28296-906A-42A3-A494-02D4218BD323} = {33F754F4-55C0-4809-A5E3-8F96366BA655}
		{0EC7F68B-381F-4189-BDDD-1297A9103F31} = {5A91C25A-5B1B-4238-9FAC-6FBCC69065FF}
		{E5C2417F-1215-4550-9E19-EBBAB39EA4C7} = {5A91C25A-5B1B-4238-9FAC-6FBCC69065FF}
		{FFE608C1-BA4B-4508-9B86-44D191C72EC9} = {E5C2417F-1215-4550-9E19-EBBAB39EA4C7}
		{E312973E-87E1-4C0B-BB8B-0187F2CAE2BC} = {E5C2417F-1215-4550-9E19-EBBAB39EA4C7}
		{814CAC6C-37A3-4ECB-8EEB-FB301B467CFC} = {E5C2417F-1215-4550-9E19-EBBAB39EA4C7}
		{8BE16FB2-4A17-4338-BB1A-7A0F7723C433} = {E5C2417F-1215-4550-9E19-EBBAB39EA4C7}
		{2C34B3D5-8937-400C-A5CF-C584B95FCD0B} = {5A91C25A-5B1B-4238-9FAC-6FBCC69065FF}
		{7201E123-707E-4766-8C0D-06F250FCED64} = {CB643670-1968-4C2C-9A20-CA7322652F19}
		{02AF7B16-2443-4D69-ABCE-986CE77F912A} = {CB643670-1968-4C2C-9A20-CA7322652F19}
		{84CAE903-3BE0-461E-8ECC-763129A6D738} = {CB643670-1968-4C2C-9A20-CA7322652F19}
		{4C4C5A1B-AACB-42E6-9502-A25EEC9923AA} = {50640CD9-F378-442E-B4AF-E17BA2062EDD}
		{B45398E0-E1FE-41C1-9977-4BF3B9118D7B} = {391E7B47-4B40-4C10-A925-BF2ACECAFC47}
		{086789DF-9624-4C6F-89C4-8C77667E078B} = {F5E8DD73-05C2-4D04-B80F-ABD29A3B5C20}
	EndGlobalSection
	GlobalSection(ProjectConfigurationPlatforms) = postSolution
		{F469C5AE-C0E4-43C8-AC01-B5BEA8FE111C}.Debug|Any CPU.ActiveCfg = Debug|Any CPU
		{F469C5AE-C0E4-43C8-AC01-B5BEA8FE111C}.Debug|Any CPU.Build.0 = Debug|Any CPU
		{F469C5AE-C0E4-43C8-AC01-B5BEA8FE111C}.Release|Any CPU.ActiveCfg = Release|Any CPU
		{F469C5AE-C0E4-43C8-AC01-B5BEA8FE111C}.Release|Any CPU.Build.0 = Release|Any CPU
		{C5211AE5-8DBE-4041-AA3F-A52D651832E1}.Debug|Any CPU.ActiveCfg = Debug|Any CPU
		{C5211AE5-8DBE-4041-AA3F-A52D651832E1}.Debug|Any CPU.Build.0 = Debug|Any CPU
		{C5211AE5-8DBE-4041-AA3F-A52D651832E1}.Release|Any CPU.ActiveCfg = Release|Any CPU
		{C5211AE5-8DBE-4041-AA3F-A52D651832E1}.Release|Any CPU.Build.0 = Release|Any CPU
		{651444BA-336A-4E1F-A7E3-197514AB4EE8}.Debug|Any CPU.ActiveCfg = Debug|Any CPU
		{651444BA-336A-4E1F-A7E3-197514AB4EE8}.Debug|Any CPU.Build.0 = Debug|Any CPU
		{651444BA-336A-4E1F-A7E3-197514AB4EE8}.Release|Any CPU.ActiveCfg = Release|Any CPU
		{651444BA-336A-4E1F-A7E3-197514AB4EE8}.Release|Any CPU.Build.0 = Release|Any CPU
		{737379EC-F58C-4D47-80C1-DCBB5ABDA0FF}.Debug|Any CPU.ActiveCfg = Debug|Any CPU
		{737379EC-F58C-4D47-80C1-DCBB5ABDA0FF}.Debug|Any CPU.Build.0 = Debug|Any CPU
		{737379EC-F58C-4D47-80C1-DCBB5ABDA0FF}.Release|Any CPU.ActiveCfg = Release|Any CPU
		{737379EC-F58C-4D47-80C1-DCBB5ABDA0FF}.Release|Any CPU.Build.0 = Release|Any CPU
		{A4AC1C08-4018-4839-B56F-8576ACFBF941}.Debug|Any CPU.ActiveCfg = Debug|Any CPU
		{A4AC1C08-4018-4839-B56F-8576ACFBF941}.Debug|Any CPU.Build.0 = Debug|Any CPU
		{A4AC1C08-4018-4839-B56F-8576ACFBF941}.Release|Any CPU.ActiveCfg = Release|Any CPU
		{A4AC1C08-4018-4839-B56F-8576ACFBF941}.Release|Any CPU.Build.0 = Release|Any CPU
		{0AB28296-906A-42A3-A494-02D4218BD323}.Debug|Any CPU.ActiveCfg = Debug|Any CPU
		{0AB28296-906A-42A3-A494-02D4218BD323}.Debug|Any CPU.Build.0 = Debug|Any CPU
		{0AB28296-906A-42A3-A494-02D4218BD323}.Release|Any CPU.ActiveCfg = Release|Any CPU
		{0AB28296-906A-42A3-A494-02D4218BD323}.Release|Any CPU.Build.0 = Release|Any CPU
		{0EC7F68B-381F-4189-BDDD-1297A9103F31}.Debug|Any CPU.ActiveCfg = Debug|Any CPU
		{0EC7F68B-381F-4189-BDDD-1297A9103F31}.Debug|Any CPU.Build.0 = Debug|Any CPU
		{0EC7F68B-381F-4189-BDDD-1297A9103F31}.Release|Any CPU.ActiveCfg = Release|Any CPU
		{0EC7F68B-381F-4189-BDDD-1297A9103F31}.Release|Any CPU.Build.0 = Release|Any CPU
		{FFE608C1-BA4B-4508-9B86-44D191C72EC9}.Debug|Any CPU.ActiveCfg = Debug|Any CPU
		{FFE608C1-BA4B-4508-9B86-44D191C72EC9}.Debug|Any CPU.Build.0 = Debug|Any CPU
		{FFE608C1-BA4B-4508-9B86-44D191C72EC9}.Release|Any CPU.ActiveCfg = Release|Any CPU
		{FFE608C1-BA4B-4508-9B86-44D191C72EC9}.Release|Any CPU.Build.0 = Release|Any CPU
		{E312973E-87E1-4C0B-BB8B-0187F2CAE2BC}.Debug|Any CPU.ActiveCfg = Debug|Any CPU
		{E312973E-87E1-4C0B-BB8B-0187F2CAE2BC}.Debug|Any CPU.Build.0 = Debug|Any CPU
		{E312973E-87E1-4C0B-BB8B-0187F2CAE2BC}.Release|Any CPU.ActiveCfg = Release|Any CPU
		{E312973E-87E1-4C0B-BB8B-0187F2CAE2BC}.Release|Any CPU.Build.0 = Release|Any CPU
		{814CAC6C-37A3-4ECB-8EEB-FB301B467CFC}.Debug|Any CPU.ActiveCfg = Debug|Any CPU
		{814CAC6C-37A3-4ECB-8EEB-FB301B467CFC}.Debug|Any CPU.Build.0 = Debug|Any CPU
		{814CAC6C-37A3-4ECB-8EEB-FB301B467CFC}.Release|Any CPU.ActiveCfg = Release|Any CPU
		{814CAC6C-37A3-4ECB-8EEB-FB301B467CFC}.Release|Any CPU.Build.0 = Release|Any CPU
		{8BE16FB2-4A17-4338-BB1A-7A0F7723C433}.Debug|Any CPU.ActiveCfg = Debug|Any CPU
		{8BE16FB2-4A17-4338-BB1A-7A0F7723C433}.Debug|Any CPU.Build.0 = Debug|Any CPU
		{8BE16FB2-4A17-4338-BB1A-7A0F7723C433}.Release|Any CPU.ActiveCfg = Release|Any CPU
		{8BE16FB2-4A17-4338-BB1A-7A0F7723C433}.Release|Any CPU.Build.0 = Release|Any CPU
		{2C34B3D5-8937-400C-A5CF-C584B95FCD0B}.Debug|Any CPU.ActiveCfg = Debug|Any CPU
		{2C34B3D5-8937-400C-A5CF-C584B95FCD0B}.Debug|Any CPU.Build.0 = Debug|Any CPU
		{2C34B3D5-8937-400C-A5CF-C584B95FCD0B}.Release|Any CPU.ActiveCfg = Release|Any CPU
		{2C34B3D5-8937-400C-A5CF-C584B95FCD0B}.Release|Any CPU.Build.0 = Release|Any CPU
		{7201E123-707E-4766-8C0D-06F250FCED64}.Debug|Any CPU.ActiveCfg = Debug|Any CPU
		{7201E123-707E-4766-8C0D-06F250FCED64}.Debug|Any CPU.Build.0 = Debug|Any CPU
		{7201E123-707E-4766-8C0D-06F250FCED64}.Release|Any CPU.ActiveCfg = Release|Any CPU
		{7201E123-707E-4766-8C0D-06F250FCED64}.Release|Any CPU.Build.0 = Release|Any CPU
		{02AF7B16-2443-4D69-ABCE-986CE77F912A}.Debug|Any CPU.ActiveCfg = Debug|Any CPU
		{02AF7B16-2443-4D69-ABCE-986CE77F912A}.Debug|Any CPU.Build.0 = Debug|Any CPU
		{02AF7B16-2443-4D69-ABCE-986CE77F912A}.Release|Any CPU.ActiveCfg = Release|Any CPU
		{02AF7B16-2443-4D69-ABCE-986CE77F912A}.Release|Any CPU.Build.0 = Release|Any CPU
		{84CAE903-3BE0-461E-8ECC-763129A6D738}.Debug|Any CPU.ActiveCfg = Debug|Any CPU
		{84CAE903-3BE0-461E-8ECC-763129A6D738}.Debug|Any CPU.Build.0 = Debug|Any CPU
		{84CAE903-3BE0-461E-8ECC-763129A6D738}.Release|Any CPU.ActiveCfg = Release|Any CPU
		{84CAE903-3BE0-461E-8ECC-763129A6D738}.Release|Any CPU.Build.0 = Release|Any CPU
		{4C4C5A1B-AACB-42E6-9502-A25EEC9923AA}.Debug|Any CPU.ActiveCfg = Debug|Any CPU
		{4C4C5A1B-AACB-42E6-9502-A25EEC9923AA}.Debug|Any CPU.Build.0 = Debug|Any CPU
		{4C4C5A1B-AACB-42E6-9502-A25EEC9923AA}.Release|Any CPU.ActiveCfg = Release|Any CPU
		{4C4C5A1B-AACB-42E6-9502-A25EEC9923AA}.Release|Any CPU.Build.0 = Release|Any CPU
		{B45398E0-E1FE-41C1-9977-4BF3B9118D7B}.Debug|Any CPU.ActiveCfg = Debug|Any CPU
		{B45398E0-E1FE-41C1-9977-4BF3B9118D7B}.Debug|Any CPU.Build.0 = Debug|Any CPU
		{B45398E0-E1FE-41C1-9977-4BF3B9118D7B}.Release|Any CPU.ActiveCfg = Release|Any CPU
		{B45398E0-E1FE-41C1-9977-4BF3B9118D7B}.Release|Any CPU.Build.0 = Release|Any CPU
		{086789DF-9624-4C6F-89C4-8C77667E078B}.Debug|Any CPU.ActiveCfg = Debug|Any CPU
		{086789DF-9624-4C6F-89C4-8C77667E078B}.Debug|Any CPU.Build.0 = Debug|Any CPU
		{086789DF-9624-4C6F-89C4-8C77667E078B}.Release|Any CPU.ActiveCfg = Release|Any CPU
		{086789DF-9624-4C6F-89C4-8C77667E078B}.Release|Any CPU.Build.0 = Release|Any CPU
	EndGlobalSection
EndGlobal
