
Microsoft Visual Studio Solution File, Format Version 12.00
# Visual Studio Version 17
VisualStudioVersion = 17.7.34202.233
MinimumVisualStudioVersion = 10.0.40219.1
Project("{FAE04EC0-301F-11D3-BF4B-00C04F79EFBC}") = "server", "server.csproj", "{706B89A9-F1E9-408E-85AA-9F113B957538}"
EndProject
Global
	GlobalSection(SolutionConfigurationPlatforms) = preSolution
		Debug|Any CPU = Debug|Any CPU
		Release|Any CPU = Release|Any CPU
	EndGlobalSection
	GlobalSection(ProjectConfigurationPlatforms) = postSolution
		{706B89A9-F1E9-408E-85AA-9F113B957538}.Debug|Any CPU.ActiveCfg = Debug|Any CPU
		{706B89A9-F1E9-408E-85AA-9F113B957538}.Debug|Any CPU.Build.0 = Debug|Any CPU
		{706B89A9-F1E9-408E-85AA-9F113B957538}.Release|Any CPU.ActiveCfg = Release|Any CPU
		{706B89A9-F1E9-408E-85AA-9F113B957538}.Release|Any CPU.Build.0 = Release|Any CPU
	EndGlobalSection
	GlobalSection(SolutionProperties) = preSolution
		HideSolutionNode = FALSE
	EndGlobalSection
	GlobalSection(ExtensibilityGlobals) = postSolution
		SolutionGuid = {ECEEFF96-BDBA-4702-B79E-26ED2B62D516}
	EndGlobalSection
EndGlobal
